
Microsoft Visual Studio Solution File, Format Version 12.00
# Visual Studio 2012
Project("{FAE04EC0-301F-11D3-BF4B-00C04F79EFBC}") = "AnthillaAS", "AnthillaAS\AnthillaAS.csproj", "{BF733B16-B5C7-41E5-B066-B186518E0523}"
EndProject
Global
	GlobalSection(SolutionConfigurationPlatforms) = preSolution
		Debug|Any CPU = Debug|Any CPU
		Release|Any CPU = Release|Any CPU
	EndGlobalSection
	GlobalSection(ProjectConfigurationPlatforms) = postSolution
		{BF733B16-B5C7-41E5-B066-B186518E0523}.Debug|Any CPU.ActiveCfg = Debug|Any CPU
		{BF733B16-B5C7-41E5-B066-B186518E0523}.Debug|Any CPU.Build.0 = Debug|Any CPU
		{BF733B16-B5C7-41E5-B066-B186518E0523}.Release|Any CPU.ActiveCfg = Release|Any CPU
		{BF733B16-B5C7-41E5-B066-B186518E0523}.Release|Any CPU.Build.0 = Release|Any CPU
	EndGlobalSection
	GlobalSection(SolutionProperties) = preSolution
		HideSolutionNode = FALSE
	EndGlobalSection
	GlobalSection(MonoDevelopProperties) = preSolution
		StartupItem = AnthillaWebUI\AnthillaWebUI.csproj
	EndGlobalSection
EndGlobal
