
Microsoft Visual Studio Solution File, Format Version 12.00
# Visual Studio 2012
Project("{FAE04EC0-301F-11D3-BF4B-00C04F79EFBC}") = "AnthillaStorage", "AnthillaStorage\AnthillaStorage.csproj", "{7294764B-234D-43E7-9F67-9CA79E9FDA34}"
EndProject
Project("{FAE04EC0-301F-11D3-BF4B-00C04F79EFBC}") = "AnthillaFirewall", "AnthillaFirewall\AnthillaFirewall.csproj", "{1D64DAD2-8260-4FC9-A2BF-4C8C871C7B74}"
EndProject
Project("{FAE04EC0-301F-11D3-BF4B-00C04F79EFBC}") = "AnthillaAS", "AnthillaAS\AnthillaAS.csproj", "{BF733B16-B5C7-41E5-B066-B186518E0523}"
EndProject
Project("{FAE04EC0-301F-11D3-BF4B-00C04F79EFBC}") = "AnthillaASCore", "AnthillaASCore\AnthillaASCore.csproj", "{5BDC6B6A-539E-4592-9F5B-59A6E6AFA14F}"
EndProject
Global
	GlobalSection(SolutionConfigurationPlatforms) = preSolution
		Debug|Any CPU = Debug|Any CPU
		Release|Any CPU = Release|Any CPU
	EndGlobalSection
	GlobalSection(ProjectConfigurationPlatforms) = postSolution
		{7294764B-234D-43E7-9F67-9CA79E9FDA34}.Debug|Any CPU.ActiveCfg = Debug|Any CPU
		{7294764B-234D-43E7-9F67-9CA79E9FDA34}.Debug|Any CPU.Build.0 = Debug|Any CPU
		{7294764B-234D-43E7-9F67-9CA79E9FDA34}.Release|Any CPU.ActiveCfg = Release|Any CPU
		{7294764B-234D-43E7-9F67-9CA79E9FDA34}.Release|Any CPU.Build.0 = Release|Any CPU
		{1D64DAD2-8260-4FC9-A2BF-4C8C871C7B74}.Debug|Any CPU.ActiveCfg = Debug|Any CPU
		{1D64DAD2-8260-4FC9-A2BF-4C8C871C7B74}.Debug|Any CPU.Build.0 = Debug|Any CPU
		{1D64DAD2-8260-4FC9-A2BF-4C8C871C7B74}.Release|Any CPU.ActiveCfg = Release|Any CPU
		{1D64DAD2-8260-4FC9-A2BF-4C8C871C7B74}.Release|Any CPU.Build.0 = Release|Any CPU
		{BF733B16-B5C7-41E5-B066-B186518E0523}.Debug|Any CPU.ActiveCfg = Debug|Any CPU
		{BF733B16-B5C7-41E5-B066-B186518E0523}.Debug|Any CPU.Build.0 = Debug|Any CPU
		{BF733B16-B5C7-41E5-B066-B186518E0523}.Release|Any CPU.ActiveCfg = Release|Any CPU
		{BF733B16-B5C7-41E5-B066-B186518E0523}.Release|Any CPU.Build.0 = Release|Any CPU
		{5BDC6B6A-539E-4592-9F5B-59A6E6AFA14F}.Debug|Any CPU.ActiveCfg = Debug|Any CPU
		{5BDC6B6A-539E-4592-9F5B-59A6E6AFA14F}.Debug|Any CPU.Build.0 = Debug|Any CPU
		{5BDC6B6A-539E-4592-9F5B-59A6E6AFA14F}.Release|Any CPU.ActiveCfg = Release|Any CPU
		{5BDC6B6A-539E-4592-9F5B-59A6E6AFA14F}.Release|Any CPU.Build.0 = Release|Any CPU
	EndGlobalSection
	GlobalSection(SolutionProperties) = preSolution
		HideSolutionNode = FALSE
	EndGlobalSection
	GlobalSection(MonoDevelopProperties) = preSolution
		StartupItem = AnthillaWebUI\AnthillaWebUI.csproj
	EndGlobalSection
EndGlobal
